<?xml version="1.0" encoding="utf-8"?>
<Project ToolsVersion="4.0" xmlns="http://schemas.microsoft.com/developer/msbuild/2003">
  <ItemGroup>
    <Filter Include="Source Files">
      <UniqueIdentifier>{4FC737F1-C7A5-4376-A066-2A32D752A2FF}</UniqueIdentifier>
      <Extensions>qml;cpp;c;cc;cxx;def;odl;idl;hpj;bat;asm;asmx</Extensions>
    </Filter>
    <Filter Include="Header Files">
      <UniqueIdentifier>{93995380-89BD-4b04-88EB-625FBE52EBFB}</UniqueIdentifier>
      <Extensions>h;hh;hpp;hxx;hm;inl;inc;xsd</Extensions>
    </Filter>
    <Filter Include="Resource Files">
      <UniqueIdentifier>{67DA6AB6-F800-4c08-8B7A-83BB121AAD01}</UniqueIdentifier>
      <Extensions>qrc;rc;ico;cur;bmp;dlg;rc2;rct;bin;rgs;gif;jpg;jpeg;jpe;resx;tiff;tif;png;wav;mfcribbon-ms</Extensions>
    </Filter>
    <Filter Include="Form Files">
      <UniqueIdentifier>{99349809-55BA-4b9d-BF79-8FDBB0286EB3}</UniqueIdentifier>
      <Extensions>ui</Extensions>
    </Filter>
    <Filter Include="Translation Files">
      <UniqueIdentifier>{639EADAA-A684-42e4-A9AD-28FC9BCB8F7C}</UniqueIdentifier>
      <Extensions>ts</Extensions>
    </Filter>
    <Filter Include="Source Files\Qt">
      <UniqueIdentifier>{bd1c9f52-3c1c-417d-b4cc-f591a412bc71}</UniqueIdentifier>
    </Filter>
    <Filter Include="Header Files\Qt">
      <UniqueIdentifier>{2cd5fe97-a276-4708-9495-bbbbeffa7621}</UniqueIdentifier>
    </Filter>
    <Filter Include="Header Files\FFmpeg">
      <UniqueIdentifier>{63d17e07-3edc-41ce-bed6-aaca01bd22eb}</UniqueIdentifier>
    </Filter>
    <Filter Include="Source Files\FFmpeg">
      <UniqueIdentifier>{2188b4fe-f58c-4d3f-bec9-f3fece32d17a}</UniqueIdentifier>
    </Filter>
    <Filter Include="Source Files\FFmpeg\thread">
      <UniqueIdentifier>{418d2b8c-bfa0-4541-9925-884f1f5fa208}</UniqueIdentifier>
    </Filter>
    <Filter Include="Header Files\FFmpeg\thread">
      <UniqueIdentifier>{a8837e6b-a85b-4a87-9455-a6171b088cdd}</UniqueIdentifier>
    </Filter>
    <Filter Include="Header Files\openGL">
      <UniqueIdentifier>{1692f451-61c8-438d-9828-80b43c31131c}</UniqueIdentifier>
    </Filter>
    <Filter Include="Source Files\openGL">
      <UniqueIdentifier>{11aac984-6962-4a84-b343-b2dac576b5e6}</UniqueIdentifier>
    </Filter>
  </ItemGroup>
  <ItemGroup>
    <QtRcc Include="High_FPS_video_player.qrc">
      <Filter>Resource Files</Filter>
    </QtRcc>
    <QtUic Include="High_FPS_video_player.ui">
      <Filter>Form Files</Filter>
    </QtUic>
    <QtRcc Include="res.qrc">
      <Filter>Translation Files</Filter>
    </QtRcc>
  </ItemGroup>
  <ItemGroup>
    <ClCompile Include="main.cpp">
      <Filter>Source Files</Filter>
    </ClCompile>
    <ClCompile Include="show.cpp">
      <Filter>Source Files\Qt</Filter>
    </ClCompile>
    <ClCompile Include="title.cpp">
      <Filter>Source Files\Qt</Filter>
    </ClCompile>
    <ClCompile Include="High_FPS_video_player.cpp">
      <Filter>Source Files\Qt</Filter>
    </ClCompile>
    <ClCompile Include="REOpenGLWidget.cpp">
      <Filter>Source Files</Filter>
    </ClCompile>
    <ClCompile Include="ctr_bar.cpp">
      <Filter>Source Files\Qt</Filter>
    </ClCompile>
    <ClCompile Include="playl_list_wid.cpp">
      <Filter>Source Files\Qt</Filter>
    </ClCompile>
    <ClCompile Include="re_QSlider.cpp">
      <Filter>Source Files\Qt</Filter>
    </ClCompile>
    <ClCompile Include="helper.cpp">
      <Filter>Source Files\Qt</Filter>
    </ClCompile>
    <ClCompile Include="FFmpeg_safe_queue.cpp">
      <Filter>Source Files\FFmpeg</Filter>
    </ClCompile>
    <ClCompile Include="data_singleton.cpp">
      <Filter>Source Files\FFmpeg</Filter>
    </ClCompile>
    <ClCompile Include="video_class.cpp">
      <Filter>Source Files\FFmpeg</Filter>
    </ClCompile>
    <ClCompile Include="thread_base.cpp">
      <Filter>Source Files\FFmpeg\thread</Filter>
    </ClCompile>
    <ClCompile Include="demux_thread.cpp">
      <Filter>Source Files\FFmpeg\thread</Filter>
    </ClCompile>
    <ClCompile Include="decode_thread.cpp">
      <Filter>Source Files\FFmpeg\thread</Filter>
    </ClCompile>
    <ClCompile Include="audio_out_thread.cpp">
      <Filter>Source Files\FFmpeg\thread</Filter>
    </ClCompile>
  </ItemGroup>
  <ItemGroup>
    <QtUic Include="title.ui">
      <Filter>Form Files</Filter>
    </QtUic>
    <QtUic Include="show.ui">
      <Filter>Form Files</Filter>
    </QtUic>
    <QtUic Include="ctr_bar.ui">
      <Filter>Form Files</Filter>
    </QtUic>
    <QtUic Include="playl_list_wid.ui">
      <Filter>Form Files</Filter>
    </QtUic>
  </ItemGroup>
  <ItemGroup>
    <QtMoc Include="High_FPS_video_player.h">
      <Filter>Header Files\Qt</Filter>
    </QtMoc>
    <QtMoc Include="show.h">
      <Filter>Header Files\Qt</Filter>
    </QtMoc>
    <QtMoc Include="title.h">
      <Filter>Header Files\Qt</Filter>
    </QtMoc>
    <QtMoc Include="ctr_bar.h">
      <Filter>Header Files\Qt</Filter>
    </QtMoc>
    <QtMoc Include="playl_list_wid.h">
      <Filter>Header Files\Qt</Filter>
    </QtMoc>
  </ItemGroup>
  <ItemGroup>
    <ClInclude Include="REOpenGLWidget.h">
      <Filter>Header Files</Filter>
    </ClInclude>
    <ClInclude Include="re_QSlider.h">
      <Filter>Header Files\Qt</Filter>
    </ClInclude>
    <ClInclude Include="helper.h">
      <Filter>Header Files\Qt</Filter>
    </ClInclude>
    <ClInclude Include="FFmpeg_safe_queue.h">
      <Filter>Header Files\FFmpeg</Filter>
    </ClInclude>
    <ClInclude Include="data_singleton.h">
      <Filter>Header Files\FFmpeg</Filter>
    </ClInclude>
    <ClInclude Include="video_class.h">
      <Filter>Header Files\FFmpeg</Filter>
    </ClInclude>
    <ClInclude Include="thread_base.h">
      <Filter>Header Files\FFmpeg\thread</Filter>
    </ClInclude>
    <ClInclude Include="demux_thread.h">
      <Filter>Header Files\FFmpeg\thread</Filter>
    </ClInclude>
    <ClInclude Include="decode_thread.h">
      <Filter>Header Files\FFmpeg\thread</Filter>
    </ClInclude>
    <ClInclude Include="audio_out_thread.h">
      <Filter>Header Files\FFmpeg\thread</Filter>
    </ClInclude>
  </ItemGroup>
</Project>